
Microsoft Visual Studio Solution File, Format Version 12.00
# Visual Studio 15
VisualStudioVersion = 15.0.27703.2042
MinimumVisualStudioVersion = 10.0.40219.1
Project("{FAE04EC0-301F-11D3-BF4B-00C04F79EFBC}") = "test", "test\test.csproj", "{A5278033-030C-4547-BABB-FF037A4B440D}"
EndProject
Global
	GlobalSection(SolutionConfigurationPlatforms) = preSolution
		Debug|Any CPU = Debug|Any CPU
		Release|Any CPU = Release|Any CPU
	EndGlobalSection
	GlobalSection(ProjectConfigurationPlatforms) = postSolution
		{A5278033-030C-4547-BABB-FF037A4B440D}.Debug|Any CPU.ActiveCfg = Debug|Any CPU
		{A5278033-030C-4547-BABB-FF037A4B440D}.Debug|Any CPU.Build.0 = Debug|Any CPU
		{A5278033-030C-4547-BABB-FF037A4B440D}.Release|Any CPU.ActiveCfg = Release|Any CPU
		{A5278033-030C-4547-BABB-FF037A4B440D}.Release|Any CPU.Build.0 = Release|Any CPU
	EndGlobalSection
	GlobalSection(SolutionProperties) = preSolution
		HideSolutionNode = FALSE
	EndGlobalSection
	GlobalSection(ExtensibilityGlobals) = postSolution
		SolutionGuid = {DDDEBF27-C786-4423-9D23-44B3FFE85697}
	EndGlobalSection
EndGlobal
